
Microsoft Visual Studio Solution File, Format Version 12.00
# Visual Studio Version 17
VisualStudioVersion = 17.2.32516.85
MinimumVisualStudioVersion = 10.0.40219.1
Project("{FAE04EC0-301F-11D3-BF4B-00C04F79EFBC}") = "HoldfastHack", "HoldfastHack\HoldfastHack.csproj", "{70BD1B83-82E9-471E-9BBA-2AC74CF93E19}"
EndProject
Global
	GlobalSection(SolutionConfigurationPlatforms) = preSolution
		Debug|Any CPU = Debug|Any CPU
		Release|Any CPU = Release|Any CPU
	EndGlobalSection
	GlobalSection(ProjectConfigurationPlatforms) = postSolution
		{70BD1B83-82E9-471E-9BBA-2AC74CF93E19}.Debug|Any CPU.ActiveCfg = Debug|Any CPU
		{70BD1B83-82E9-471E-9BBA-2AC74CF93E19}.Debug|Any CPU.Build.0 = Debug|Any CPU
		{70BD1B83-82E9-471E-9BBA-2AC74CF93E19}.Release|Any CPU.ActiveCfg = Release|Any CPU
		{70BD1B83-82E9-471E-9BBA-2AC74CF93E19}.Release|Any CPU.Build.0 = Release|Any CPU
	EndGlobalSection
	GlobalSection(SolutionProperties) = preSolution
		HideSolutionNode = FALSE
	EndGlobalSection
	GlobalSection(ExtensibilityGlobals) = postSolution
		SolutionGuid = {D6A1158F-62EB-4CB1-A954-39C0FDBFA095}
	EndGlobalSection
EndGlobal
